
Microsoft Visual Studio Solution File, Format Version 12.00
# Visual Studio Version 16
VisualStudioVersion = 16.0.31019.35
MinimumVisualStudioVersion = 10.0.40219.1
Project("{9A19103F-16F7-4668-BE54-9A1E7A4F7556}") = "ConsoleApp", "ConsoleApp\ConsoleApp.csproj", "{BE9A9BDC-8CD8-44D0-87DB-B71D7E97E0BB}"
EndProject
Project("{FAE04EC0-301F-11D3-BF4B-00C04F79EFBC}") = "BaggageSorteringLib", "BaggageSortingLib\BaggageSorteringLib.csproj", "{C8809E4E-5AD0-4911-A1DF-C71431ADDF01}"
EndProject
Global
	GlobalSection(SolutionConfigurationPlatforms) = preSolution
		Debug|Any CPU = Debug|Any CPU
		Release|Any CPU = Release|Any CPU
	EndGlobalSection
	GlobalSection(ProjectConfigurationPlatforms) = postSolution
		{BE9A9BDC-8CD8-44D0-87DB-B71D7E97E0BB}.Debug|Any CPU.ActiveCfg = Debug|Any CPU
		{BE9A9BDC-8CD8-44D0-87DB-B71D7E97E0BB}.Debug|Any CPU.Build.0 = Debug|Any CPU
		{BE9A9BDC-8CD8-44D0-87DB-B71D7E97E0BB}.Release|Any CPU.ActiveCfg = Release|Any CPU
		{BE9A9BDC-8CD8-44D0-87DB-B71D7E97E0BB}.Release|Any CPU.Build.0 = Release|Any CPU
		{C8809E4E-5AD0-4911-A1DF-C71431ADDF01}.Debug|Any CPU.ActiveCfg = Debug|Any CPU
		{C8809E4E-5AD0-4911-A1DF-C71431ADDF01}.Debug|Any CPU.Build.0 = Debug|Any CPU
		{C8809E4E-5AD0-4911-A1DF-C71431ADDF01}.Release|Any CPU.ActiveCfg = Release|Any CPU
		{C8809E4E-5AD0-4911-A1DF-C71431ADDF01}.Release|Any CPU.Build.0 = Release|Any CPU
	EndGlobalSection
	GlobalSection(SolutionProperties) = preSolution
		HideSolutionNode = FALSE
	EndGlobalSection
	GlobalSection(ExtensibilityGlobals) = postSolution
		SolutionGuid = {A71096A1-99D3-4674-B488-5F8169AF0B99}
	EndGlobalSection
EndGlobal
